
Microsoft Visual Studio Solution File, Format Version 12.00
# Visual Studio Version 16
VisualStudioVersion = 16.0.29215.179
MinimumVisualStudioVersion = 10.0.40219.1
Project("{FAE04EC0-301F-11D3-BF4B-00C04F79EFBC}") = "Calculator", "Anatoliy\Calculator.csproj", "{65E4712C-CFF6-4AA9-A0EA-50E210B0BECC}"
EndProject
Global
	GlobalSection(SolutionConfigurationPlatforms) = preSolution
		Debug|Any CPU = Debug|Any CPU
		Release|Any CPU = Release|Any CPU
	EndGlobalSection
	GlobalSection(ProjectConfigurationPlatforms) = postSolution
		{65E4712C-CFF6-4AA9-A0EA-50E210B0BECC}.Debug|Any CPU.ActiveCfg = Debug|Any CPU
		{65E4712C-CFF6-4AA9-A0EA-50E210B0BECC}.Debug|Any CPU.Build.0 = Debug|Any CPU
		{65E4712C-CFF6-4AA9-A0EA-50E210B0BECC}.Release|Any CPU.ActiveCfg = Release|Any CPU
		{65E4712C-CFF6-4AA9-A0EA-50E210B0BECC}.Release|Any CPU.Build.0 = Release|Any CPU
	EndGlobalSection
	GlobalSection(SolutionProperties) = preSolution
		HideSolutionNode = FALSE
	EndGlobalSection
	GlobalSection(ExtensibilityGlobals) = postSolution
		SolutionGuid = {5580BD33-D112-4D8C-BF65-4CCC75AA6410}
	EndGlobalSection
EndGlobal
